
Microsoft Visual Studio Solution File, Format Version 12.00
# Visual Studio 15
VisualStudioVersion = 15.0.28307.421
MinimumVisualStudioVersion = 10.0.40219.1
Project("{FAE04EC0-301F-11D3-BF4B-00C04F79EFBC}") = "ForgetDB", "ForgetDB\ForgetDB.csproj", "{3C928AF6-9924-443E-A3C0-86074C4231B3}"
EndProject
Project("{FAE04EC0-301F-11D3-BF4B-00C04F79EFBC}") = "ForgetDB.Common", "ForgetDB.Common\ForgetDB.Common.csproj", "{5EE66C14-A07B-48E8-BF7A-A8E61B1A9CA6}"
EndProject
Project("{FAE04EC0-301F-11D3-BF4B-00C04F79EFBC}") = "ForgetDB.Client.Test", "ForgetDB.Client.Test\ForgetDB.Client.Test.csproj", "{DBE5D794-6B7F-4098-9D02-52302411A272}"
EndProject
Project("{FAE04EC0-301F-11D3-BF4B-00C04F79EFBC}") = "ForgetDB.Client", "ForgetDB.Client\ForgetDB.Client.csproj", "{13C2C3D7-D40E-4B00-BAC5-22DC1B01E521}"
EndProject
Project("{FAE04EC0-301F-11D3-BF4B-00C04F79EFBC}") = "ForgetDB.Server", "ForgetDB.Server\ForgetDB.Server.csproj", "{BC7825F2-53D3-44E2-B942-EEE29F790DAB}"
EndProject
Global
	GlobalSection(SolutionConfigurationPlatforms) = preSolution
		Debug|Any CPU = Debug|Any CPU
		Release|Any CPU = Release|Any CPU
	EndGlobalSection
	GlobalSection(ProjectConfigurationPlatforms) = postSolution
		{3C928AF6-9924-443E-A3C0-86074C4231B3}.Debug|Any CPU.ActiveCfg = Debug|Any CPU
		{3C928AF6-9924-443E-A3C0-86074C4231B3}.Debug|Any CPU.Build.0 = Debug|Any CPU
		{3C928AF6-9924-443E-A3C0-86074C4231B3}.Release|Any CPU.ActiveCfg = Release|Any CPU
		{3C928AF6-9924-443E-A3C0-86074C4231B3}.Release|Any CPU.Build.0 = Release|Any CPU
		{5EE66C14-A07B-48E8-BF7A-A8E61B1A9CA6}.Debug|Any CPU.ActiveCfg = Debug|Any CPU
		{5EE66C14-A07B-48E8-BF7A-A8E61B1A9CA6}.Debug|Any CPU.Build.0 = Debug|Any CPU
		{5EE66C14-A07B-48E8-BF7A-A8E61B1A9CA6}.Release|Any CPU.ActiveCfg = Release|Any CPU
		{5EE66C14-A07B-48E8-BF7A-A8E61B1A9CA6}.Release|Any CPU.Build.0 = Release|Any CPU
		{DBE5D794-6B7F-4098-9D02-52302411A272}.Debug|Any CPU.ActiveCfg = Debug|Any CPU
		{DBE5D794-6B7F-4098-9D02-52302411A272}.Debug|Any CPU.Build.0 = Debug|Any CPU
		{DBE5D794-6B7F-4098-9D02-52302411A272}.Release|Any CPU.ActiveCfg = Release|Any CPU
		{DBE5D794-6B7F-4098-9D02-52302411A272}.Release|Any CPU.Build.0 = Release|Any CPU
		{13C2C3D7-D40E-4B00-BAC5-22DC1B01E521}.Debug|Any CPU.ActiveCfg = Debug|Any CPU
		{13C2C3D7-D40E-4B00-BAC5-22DC1B01E521}.Debug|Any CPU.Build.0 = Debug|Any CPU
		{13C2C3D7-D40E-4B00-BAC5-22DC1B01E521}.Release|Any CPU.ActiveCfg = Release|Any CPU
		{13C2C3D7-D40E-4B00-BAC5-22DC1B01E521}.Release|Any CPU.Build.0 = Release|Any CPU
		{BC7825F2-53D3-44E2-B942-EEE29F790DAB}.Debug|Any CPU.ActiveCfg = Debug|Any CPU
		{BC7825F2-53D3-44E2-B942-EEE29F790DAB}.Debug|Any CPU.Build.0 = Debug|Any CPU
		{BC7825F2-53D3-44E2-B942-EEE29F790DAB}.Release|Any CPU.ActiveCfg = Release|Any CPU
		{BC7825F2-53D3-44E2-B942-EEE29F790DAB}.Release|Any CPU.Build.0 = Release|Any CPU
	EndGlobalSection
	GlobalSection(SolutionProperties) = preSolution
		HideSolutionNode = FALSE
	EndGlobalSection
	GlobalSection(ExtensibilityGlobals) = postSolution
		SolutionGuid = {6A47915D-9074-44E8-8093-9CF749A27E6B}
	EndGlobalSection
EndGlobal
